<?xml version="1.0" encoding="utf-8"?>
<Project ToolsVersion="4.0" xmlns="http://schemas.microsoft.com/developer/msbuild/2003">
  <ItemGroup>
    <ClCompile Include="..\..\illustrt\illustrt.c">
      <Filter>Source Files</Filter>
    </ClCompile>
    <ClCompile Include="..\..\illustrt\intersct.c">
      <Filter>Source Files</Filter>
    </ClCompile>
    <ClCompile Include="..\..\illustrt\spltsort.c">
      <Filter>Source Files</Filter>
    </ClCompile>
  </ItemGroup>
  <ItemGroup>
    <None Include="..\..\illustrt\makefile.ami" />
    <None Include="..\..\illustrt\makefile.os2" />
    <None Include="..\..\illustrt\makefile.sas" />
    <None Include="..\..\illustrt\makefile.unx" />
    <None Include="..\..\illustrt\makefile.wnt" />
  </ItemGroup>
  <ItemGroup>
    <Filter Include="Header Files">
      <UniqueIdentifier>{c8f751bf-08b1-4ef2-b3b5-3db2c1cffe70}</UniqueIdentifier>
    </Filter>
    <Filter Include="Resource Files">
      <UniqueIdentifier>{76b13fda-28b2-45f4-9c7b-d002bbb84893}</UniqueIdentifier>
    </Filter>
    <Filter Include="Source Files">
      <UniqueIdentifier>{84f2a4d8-e9b7-4bb2-afda-297dfb102e1d}</UniqueIdentifier>
    </Filter>
  </ItemGroup>
  <ItemGroup>
    <ClInclude Include="..\..\illustrt\program.h">
      <Filter>Header Files</Filter>
    </ClInclude>
  </ItemGroup>
</Project>