<?xml version="1.0" encoding="utf-8"?>
<Project ToolsVersion="4.0" xmlns="http://schemas.microsoft.com/developer/msbuild/2003">
  <ItemGroup>
    <ClCompile Include="..\..\trng_lib\trng2ply.c">
      <Filter>Source Files</Filter>
    </ClCompile>
    <ClCompile Include="..\..\trng_lib\trng_aux.c">
      <Filter>Source Files</Filter>
    </ClCompile>
    <ClCompile Include="..\..\trng_lib\trng_dbg.c">
      <Filter>Source Files</Filter>
    </ClCompile>
    <ClCompile Include="..\..\trng_lib\trng_der.c">
      <Filter>Source Files</Filter>
    </ClCompile>
    <ClCompile Include="..\..\trng_lib\trng_err.c">
      <Filter>Source Files</Filter>
    </ClCompile>
    <ClCompile Include="..\..\trng_lib\trng_ftl.c">
      <Filter>Source Files</Filter>
    </ClCompile>
    <ClCompile Include="..\..\trng_lib\trng_gen.c">
      <Filter>Source Files</Filter>
    </ClCompile>
    <ClCompile Include="..\..\trng_lib\trng_grg.c">
      <Filter>Source Files</Filter>
    </ClCompile>
    <ClCompile Include="..\..\trng_lib\trng_iso.c">
      <Filter>Source Files</Filter>
    </ClCompile>
    <ClCompile Include="..\..\trng_lib\trng_sub.c">
      <Filter>Source Files</Filter>
    </ClCompile>
    <ClCompile Include="..\..\trng_lib\trngcoer.c">
      <Filter>Source Files</Filter>
    </ClCompile>
    <ClCompile Include="..\..\trng_lib\trngeval.c">
      <Filter>Source Files</Filter>
    </ClCompile>
    <ClCompile Include="..\..\trng_lib\trngmesh.c">
      <Filter>Source Files</Filter>
    </ClCompile>
  </ItemGroup>
  <ItemGroup>
    <ClInclude Include="..\..\include\trng_lib.h">
      <Filter>Header Files</Filter>
    </ClInclude>
    <ClInclude Include="..\..\trng_lib\trng_loc.h">
      <Filter>Header Files</Filter>
    </ClInclude>
  </ItemGroup>
  <ItemGroup>
    <None Include="..\..\trng_lib\makefile.ami" />
    <None Include="..\..\trng_lib\makefile.os2" />
    <None Include="..\..\trng_lib\makefile.sas" />
    <None Include="..\..\trng_lib\makefile.unx" />
    <None Include="..\..\trng_lib\makefile.wce" />
    <None Include="..\..\trng_lib\makefile.wnt" />
  </ItemGroup>
  <ItemGroup>
    <Filter Include="Header Files">
      <UniqueIdentifier>{eeba9a7b-1f08-4ce1-919f-ee53611a90b8}</UniqueIdentifier>
    </Filter>
    <Filter Include="Resource Files">
      <UniqueIdentifier>{f969fdc0-0c9d-430d-b253-ef02ce8fa940}</UniqueIdentifier>
    </Filter>
    <Filter Include="Source Files">
      <UniqueIdentifier>{af3dc08f-5077-49dd-aa9d-e164ef4a1ed9}</UniqueIdentifier>
    </Filter>
  </ItemGroup>
</Project>