<?xml version="1.0" encoding="utf-8"?>
<Project ToolsVersion="4.0" xmlns="http://schemas.microsoft.com/developer/msbuild/2003">
  <ItemGroup>
    <ClCompile Include="..\..\grapdrvs\cnstcrvs.c">
      <Filter>Source Files</Filter>
    </ClCompile>
    <ClCompile Include="..\..\grapdrvs\draw_obj.c">
      <Filter>Source Files</Filter>
    </ClCompile>
    <ClCompile Include="..\..\grapdrvs\drawln3d.c">
      <Filter>Source Files</Filter>
    </ClCompile>
    <ClCompile Include="..\..\grapdrvs\drawpoly.c">
      <Filter>Source Files</Filter>
    </ClCompile>
    <ClCompile Include="..\..\grapdrvs\drawptvc.c">
      <Filter>Source Files</Filter>
    </ClCompile>
    <ClCompile Include="..\..\grapdrvs\editcrvs.c">
      <Filter>Source Files</Filter>
    </ClCompile>
    <ClCompile Include="..\..\grapdrvs\editmanp.c">
      <Filter>Source Files</Filter>
    </ClCompile>
    <ClCompile Include="..\..\grapdrvs\editsrfs.c">
      <Filter>Source Files</Filter>
    </ClCompile>
    <ClCompile Include="..\..\grapdrvs\gen_grap.c">
      <Filter>Source Files</Filter>
    </ClCompile>
    <ClCompile Include="..\..\grapdrvs\magellan.c">
      <Filter>Source Files</Filter>
    </ClCompile>
    <ClCompile Include="..\..\grapdrvs\wnt_anim.c">
      <Filter>Source Files</Filter>
    </ClCompile>
    <ClCompile Include="..\..\grapdrvs\wnt_crvs.c">
      <Filter>Source Files</Filter>
    </ClCompile>
    <ClCompile Include="..\..\grapdrvs\wnt_env.c">
      <Filter>Source Files</Filter>
    </ClCompile>
    <ClCompile Include="..\..\grapdrvs\wnt_manp.c">
      <Filter>Source Files</Filter>
    </ClCompile>
    <ClCompile Include="..\..\grapdrvs\wnt_pick.c">
      <Filter>Source Files</Filter>
    </ClCompile>
    <ClCompile Include="..\..\grapdrvs\wnt_shad.c">
      <Filter>Source Files</Filter>
    </ClCompile>
    <ClCompile Include="..\..\grapdrvs\wnt_srfs.c">
      <Filter>Source Files</Filter>
    </ClCompile>
    <ClCompile Include="..\..\grapdrvs\wnt_win.c">
      <Filter>Source Files</Filter>
    </ClCompile>
    <ClCompile Include="..\..\grapdrvs\wntdrvs.c">
      <Filter>Source Files</Filter>
    </ClCompile>
  </ItemGroup>
  <ItemGroup>
    <ClInclude Include="..\..\grapdrvs\cnstcrvs.h">
      <Filter>Header Files</Filter>
    </ClInclude>
    <ClInclude Include="..\..\grapdrvs\editcrvs.h">
      <Filter>Header Files</Filter>
    </ClInclude>
    <ClInclude Include="..\..\grapdrvs\editmanp.h">
      <Filter>Header Files</Filter>
    </ClInclude>
    <ClInclude Include="..\..\grapdrvs\editsrfs.h">
      <Filter>Header Files</Filter>
    </ClInclude>
    <ClInclude Include="..\..\grapdrvs\grap_loc.h">
      <Filter>Header Files</Filter>
    </ClInclude>
    <ClInclude Include="..\..\grapdrvs\magellan.h">
      <Filter>Header Files</Filter>
    </ClInclude>
    <ClInclude Include="..\..\grapdrvs\wntdrvs.h">
      <Filter>Header Files</Filter>
    </ClInclude>
  </ItemGroup>
  <ItemGroup>
    <Filter Include="Header Files">
      <UniqueIdentifier>{e65b41c8-0439-46ab-b8c0-f217cd0b790d}</UniqueIdentifier>
    </Filter>
    <Filter Include="Source Files">
      <UniqueIdentifier>{c3f47144-9b9c-4f76-9503-e3820bd3ca1d}</UniqueIdentifier>
    </Filter>
    <Filter Include="Reseource Files">
      <UniqueIdentifier>{187992d0-7b6b-4d60-9cf4-d51ac94ba3b7}</UniqueIdentifier>
    </Filter>
  </ItemGroup>
  <ItemGroup>
    <ResourceCompile Include="..\..\grapdrvs\wntdrvs.rc">
      <Filter>Reseource Files</Filter>
    </ResourceCompile>
  </ItemGroup>
</Project>