<?xml version="1.0" encoding="utf-8"?>
<Project ToolsVersion="4.0" xmlns="http://schemas.microsoft.com/developer/msbuild/2003">
  <ItemGroup>
    <ClCompile Include="..\..\grapdrvs\cnstcrvs.c">
      <Filter>Source Files</Filter>
    </ClCompile>
    <ClCompile Include="..\..\grapdrvs\draw_obj.c">
      <Filter>Source Files</Filter>
    </ClCompile>
    <ClCompile Include="..\..\grapdrvs\editcrvs.c">
      <Filter>Source Files</Filter>
    </ClCompile>
    <ClCompile Include="..\..\grapdrvs\editmanp.c">
      <Filter>Source Files</Filter>
    </ClCompile>
    <ClCompile Include="..\..\grapdrvs\editsrfs.c">
      <Filter>Source Files</Filter>
    </ClCompile>
    <ClCompile Include="..\..\grapdrvs\gen_grap.c">
      <Filter>Source Files</Filter>
    </ClCompile>
    <ClCompile Include="..\..\grapdrvs\magellan.c">
      <Filter>Source Files</Filter>
    </ClCompile>
    <ClCompile Include="..\..\grapdrvs\ogl_fbo.c">
      <Filter>Source Files</Filter>
    </ClCompile>
    <ClCompile Include="..\..\grapdrvs\open_gl.c">
      <Filter>Source Files</Filter>
    </ClCompile>
    <ClCompile Include="..\..\grapdrvs\opngl2cg.c">
      <Filter>Source Files</Filter>
    </ClCompile>
    <ClCompile Include="..\..\grapdrvs\opngl_cg.c">
      <Filter>Source Files</Filter>
    </ClCompile>
    <ClCompile Include="..\..\grapdrvs\wnt_anim.c">
      <Filter>Source Files</Filter>
    </ClCompile>
    <ClCompile Include="..\..\grapdrvs\wnt_crvs.c">
      <Filter>Source Files</Filter>
    </ClCompile>
    <ClCompile Include="..\..\grapdrvs\wnt_env.c">
      <Filter>Source Files</Filter>
    </ClCompile>
    <ClCompile Include="..\..\grapdrvs\wnt_manp.c">
      <Filter>Source Files</Filter>
    </ClCompile>
    <ClCompile Include="..\..\grapdrvs\wnt_ogl.c">
      <Filter>Source Files</Filter>
    </ClCompile>
    <ClCompile Include="..\..\grapdrvs\wnt_pick.c">
      <Filter>Source Files</Filter>
    </ClCompile>
    <ClCompile Include="..\..\grapdrvs\wnt_shad.c">
      <Filter>Source Files</Filter>
    </ClCompile>
    <ClCompile Include="..\..\grapdrvs\wnt_srfs.c">
      <Filter>Source Files</Filter>
    </ClCompile>
    <ClCompile Include="..\..\grapdrvs\wntdrvs.c">
      <Filter>Source Files</Filter>
    </ClCompile>
  </ItemGroup>
  <ItemGroup>
    <ClInclude Include="..\..\grapdrvs\cnstcrvs.h">
      <Filter>Header Files</Filter>
    </ClInclude>
    <ClInclude Include="..\..\grapdrvs\editcrvs.h">
      <Filter>Header Files</Filter>
    </ClInclude>
    <ClInclude Include="..\..\grapdrvs\editmanp.h">
      <Filter>Header Files</Filter>
    </ClInclude>
    <ClInclude Include="..\..\grapdrvs\editsrfs.h">
      <Filter>Header Files</Filter>
    </ClInclude>
    <ClInclude Include="..\..\grapdrvs\grap_loc.h">
      <Filter>Header Files</Filter>
    </ClInclude>
    <ClInclude Include="..\..\grapdrvs\magellan.h">
      <Filter>Header Files</Filter>
    </ClInclude>
    <ClInclude Include="..\..\grapdrvs\ogl_fbo.h">
      <Filter>Header Files</Filter>
    </ClInclude>
    <ClInclude Include="..\..\grapdrvs\opngl_cg.h">
      <Filter>Header Files</Filter>
    </ClInclude>
    <ClInclude Include="..\..\grapdrvs\wntdrvs.h">
      <Filter>Header Files</Filter>
    </ClInclude>
  </ItemGroup>
  <ItemGroup>
    <Filter Include="Header Files">
      <UniqueIdentifier>{e4d6fa05-1c8b-4053-8b1b-b8740eeefbae}</UniqueIdentifier>
    </Filter>
    <Filter Include="Source Files">
      <UniqueIdentifier>{fa1b1727-337f-4445-b48f-b746ad862fe2}</UniqueIdentifier>
    </Filter>
    <Filter Include="Reseource Files">
      <UniqueIdentifier>{2171b35e-f395-4ee3-8e0e-72bf97b8d442}</UniqueIdentifier>
    </Filter>
  </ItemGroup>
  <ItemGroup>
    <ResourceCompile Include="..\..\grapdrvs\wntdrvs.rc">
      <Filter>Reseource Files</Filter>
    </ResourceCompile>
  </ItemGroup>
</Project>