<?xml version="1.0" encoding="utf-8"?>
<Project ToolsVersion="4.0" xmlns="http://schemas.microsoft.com/developer/msbuild/2003">
  <ItemGroup>
    <Filter Include="Header Files">
      <UniqueIdentifier>{a1744a48-cc23-4e81-b489-8290280f4f43}</UniqueIdentifier>
    </Filter>
    <Filter Include="Source Files">
      <UniqueIdentifier>{caec7938-7130-4694-995d-274a1c862b21}</UniqueIdentifier>
    </Filter>
    <Filter Include="Reseource Files">
      <UniqueIdentifier>{4bf47e29-f5cc-42f6-8d60-8f32e2f77e19}</UniqueIdentifier>
    </Filter>
  </ItemGroup>
  <ItemGroup>
    <ClCompile Include="..\..\filters\3ds2irit.c">
      <Filter>Source Files</Filter>
    </ClCompile>
  </ItemGroup>
</Project>