<?xml version="1.0" encoding="utf-8"?>
<Project ToolsVersion="4.0" xmlns="http://schemas.microsoft.com/developer/msbuild/2003">
  <ItemGroup>
    <Filter Include="Header Files">
      <UniqueIdentifier>{60ae9ddd-8efe-4e38-9d5e-c87d005088bc}</UniqueIdentifier>
    </Filter>
    <Filter Include="Source Files">
      <UniqueIdentifier>{1e902ea7-7be8-4432-a8e3-dc82b9e4c762}</UniqueIdentifier>
    </Filter>
    <Filter Include="Reseource Files">
      <UniqueIdentifier>{714525be-761f-49b8-ba9b-3fd8d3444b31}</UniqueIdentifier>
    </Filter>
  </ItemGroup>
  <ItemGroup>
    <ClCompile Include="..\..\filters\igs2irit.c">
      <Filter>Source Files</Filter>
    </ClCompile>
  </ItemGroup>
</Project>