<?xml version="1.0" encoding="utf-8"?>
<Project ToolsVersion="4.0" xmlns="http://schemas.microsoft.com/developer/msbuild/2003">
  <ItemGroup>
    <Filter Include="Header Files">
      <UniqueIdentifier>{d49ff2b2-8c3e-4978-8be2-016d14a3cf91}</UniqueIdentifier>
    </Filter>
    <Filter Include="Source Files">
      <UniqueIdentifier>{6980de0b-d572-421f-a0bc-fe56c9d424a1}</UniqueIdentifier>
    </Filter>
    <Filter Include="Reseource Files">
      <UniqueIdentifier>{5299f362-b1a6-4182-a6cc-f8c0109b2940}</UniqueIdentifier>
    </Filter>
  </ItemGroup>
  <ItemGroup>
    <ClCompile Include="..\..\filters\irit2wrl.c">
      <Filter>Source Files</Filter>
    </ClCompile>
  </ItemGroup>
</Project>