<?xml version="1.0" encoding="utf-8"?>
<Project ToolsVersion="4.0" xmlns="http://schemas.microsoft.com/developer/msbuild/2003">
  <ItemGroup>
    <Filter Include="Header Files">
      <UniqueIdentifier>{87fd1ab9-547d-4df2-893a-961a9b80e5b3}</UniqueIdentifier>
    </Filter>
    <Filter Include="Source Files">
      <UniqueIdentifier>{af0ff7c0-3ca0-4579-ac0d-fbe3ac65e594}</UniqueIdentifier>
    </Filter>
    <Filter Include="Reseource Files">
      <UniqueIdentifier>{0aaf3879-a5bc-4825-ad9b-ece6db47d431}</UniqueIdentifier>
    </Filter>
  </ItemGroup>
  <ItemGroup>
    <ClCompile Include="..\..\filters\irit2dxf.c">
      <Filter>Source Files</Filter>
    </ClCompile>
  </ItemGroup>
</Project>