<?xml version="1.0" encoding="utf-8"?>
<Project ToolsVersion="4.0" xmlns="http://schemas.microsoft.com/developer/msbuild/2003">
  <ItemGroup>
    <Filter Include="Header Files">
      <UniqueIdentifier>{35078b34-f238-4841-9c32-2de16f86c4e0}</UniqueIdentifier>
    </Filter>
    <Filter Include="Source Files">
      <UniqueIdentifier>{c02b0039-6169-4b5c-9221-d102b0c3462e}</UniqueIdentifier>
    </Filter>
    <Filter Include="Reseource Files">
      <UniqueIdentifier>{34eecf84-e41b-42cc-918c-5080bd2df0f2}</UniqueIdentifier>
    </Filter>
  </ItemGroup>
  <ItemGroup>
    <ClCompile Include="..\..\filters\irit2stl.c">
      <Filter>Source Files</Filter>
    </ClCompile>
  </ItemGroup>
</Project>