<?xml version="1.0" encoding="utf-8"?>
<Project ToolsVersion="4.0" xmlns="http://schemas.microsoft.com/developer/msbuild/2003">
  <ItemGroup>
    <Filter Include="Header Files">
      <UniqueIdentifier>{c7c0775e-ad72-489b-8ae8-0c0fe2343262}</UniqueIdentifier>
    </Filter>
    <Filter Include="Source Files">
      <UniqueIdentifier>{1dc7c05f-e465-402a-bddd-6447395445ed}</UniqueIdentifier>
    </Filter>
    <Filter Include="Reseource Files">
      <UniqueIdentifier>{85ae6654-bc26-45e0-8a00-113223774901}</UniqueIdentifier>
    </Filter>
  </ItemGroup>
  <ItemGroup>
    <ClCompile Include="..\..\filters\irit2igs.c">
      <Filter>Source Files</Filter>
    </ClCompile>
  </ItemGroup>
</Project>