<?xml version="1.0" encoding="utf-8"?>
<Project ToolsVersion="4.0" xmlns="http://schemas.microsoft.com/developer/msbuild/2003">
  <ItemGroup>
    <Filter Include="Header Files">
      <UniqueIdentifier>{253a7bf6-fe4e-49b0-90c8-48945d762fd5}</UniqueIdentifier>
    </Filter>
    <Filter Include="Source Files">
      <UniqueIdentifier>{241fa7b9-49da-4751-b471-48de2e50264b}</UniqueIdentifier>
    </Filter>
    <Filter Include="Reseource Files">
      <UniqueIdentifier>{4f089748-3e87-458a-85f9-0a8d3d1dcd6a}</UniqueIdentifier>
    </Filter>
  </ItemGroup>
  <ItemGroup>
    <ClCompile Include="..\..\filters\irit2iv.c">
      <Filter>Source Files</Filter>
    </ClCompile>
  </ItemGroup>
</Project>