<?xml version="1.0" encoding="utf-8"?>
<Project ToolsVersion="4.0" xmlns="http://schemas.microsoft.com/developer/msbuild/2003">
  <ItemGroup>
    <ClCompile Include="..\..\aisoshad\izebra.c">
      <Filter>Source Files</Filter>
    </ClCompile>
    <ClCompile Include="..\..\aisoshad\zbufcrvs.c">
      <Filter>Source Files</Filter>
    </ClCompile>
  </ItemGroup>
  <ItemGroup>
    <Filter Include="Header Files">
      <UniqueIdentifier>{83041589-1445-4ffa-9d43-bf5452afbfcc}</UniqueIdentifier>
    </Filter>
    <Filter Include="Source Files">
      <UniqueIdentifier>{a02c574b-3ab9-4046-9f9d-ee8bf4c2730c}</UniqueIdentifier>
    </Filter>
    <Filter Include="Reseource Files">
      <UniqueIdentifier>{49606129-1d66-48b2-9b8d-e465c520d97a}</UniqueIdentifier>
    </Filter>
  </ItemGroup>
  <ItemGroup>
    <ClInclude Include="..\..\aisoshad\program.h">
      <Filter>Header Files</Filter>
    </ClInclude>
  </ItemGroup>
</Project>