<?xml version="1.0" encoding="utf-8"?>
<Project ToolsVersion="4.0" xmlns="http://schemas.microsoft.com/developer/msbuild/2003">
  <ItemGroup>
    <ClCompile Include="..\..\aisoshad\lineshad.c">
      <Filter>Source Files</Filter>
    </ClCompile>
    <ClCompile Include="..\..\aisoshad\zbufcrvs.c">
      <Filter>Source Files</Filter>
    </ClCompile>
  </ItemGroup>
  <ItemGroup>
    <Filter Include="Header Files">
      <UniqueIdentifier>{a01d7280-dde2-4da0-834c-7680a2c073d7}</UniqueIdentifier>
    </Filter>
    <Filter Include="Source Files">
      <UniqueIdentifier>{48efae46-ebcb-41c1-aac6-c39c881c18de}</UniqueIdentifier>
    </Filter>
    <Filter Include="Reseource Files">
      <UniqueIdentifier>{3b1eb791-5541-4457-ad86-21b9e3706741}</UniqueIdentifier>
    </Filter>
  </ItemGroup>
  <ItemGroup>
    <ClInclude Include="..\..\aisoshad\program.h">
      <Filter>Header Files</Filter>
    </ClInclude>
  </ItemGroup>
</Project>