<?xml version="1.0" encoding="utf-8"?>
<Project ToolsVersion="4.0" xmlns="http://schemas.microsoft.com/developer/msbuild/2003">
  <ItemGroup>
    <ClCompile Include="..\..\cagd_lib\afd_cube.c">
      <Filter>Source Files</Filter>
    </ClCompile>
    <ClCompile Include="..\..\cagd_lib\bez_clip.c">
      <Filter>Source Files</Filter>
    </ClCompile>
    <ClCompile Include="..\..\cagd_lib\blossom.c">
      <Filter>Source Files</Filter>
    </ClCompile>
    <ClCompile Include="..\..\cagd_lib\bsp2poly.c">
      <Filter>Source Files</Filter>
    </ClCompile>
    <ClCompile Include="..\..\cagd_lib\bsp_gen.c">
      <Filter>Source Files</Filter>
    </ClCompile>
    <ClCompile Include="..\..\cagd_lib\bsp_knot.c">
      <Filter>Source Files</Filter>
    </ClCompile>
    <ClCompile Include="..\..\cagd_lib\bspboehm.c">
      <Filter>Source Files</Filter>
    </ClCompile>
    <ClCompile Include="..\..\cagd_lib\bspcoxdb.c">
      <Filter>Source Files</Filter>
    </ClCompile>
    <ClCompile Include="..\..\cagd_lib\bzr2poly.c">
      <Filter>Source Files</Filter>
    </ClCompile>
    <ClCompile Include="..\..\cagd_lib\bzr_gen.c">
      <Filter>Source Files</Filter>
    </ClCompile>
    <ClCompile Include="..\..\cagd_lib\bzr_intr.c">
      <Filter>Source Files</Filter>
    </ClCompile>
    <ClCompile Include="..\..\cagd_lib\bzr_pwr.c">
      <Filter>Source Files</Filter>
    </ClCompile>
    <ClCompile Include="..\..\cagd_lib\cagd1gen.c">
      <Filter>Source Files</Filter>
    </ClCompile>
    <ClCompile Include="..\..\cagd_lib\cagd2gen.c">
      <Filter>Source Files</Filter>
    </ClCompile>
    <ClCompile Include="..\..\cagd_lib\cagd2pl2.c">
      <Filter>Source Files</Filter>
    </ClCompile>
    <ClCompile Include="..\..\cagd_lib\cagd2ply.c">
      <Filter>Source Files</Filter>
    </ClCompile>
    <ClCompile Include="..\..\cagd_lib\cagd_arc.c">
      <Filter>Source Files</Filter>
    </ClCompile>
    <ClCompile Include="..\..\cagd_lib\cagd_aux.c">
      <Filter>Source Files</Filter>
    </ClCompile>
    <ClCompile Include="..\..\cagd_lib\cagd_cci.c">
      <Filter>Source Files</Filter>
    </ClCompile>
    <ClCompile Include="..\..\cagd_lib\cagd_cnc.c">
      <Filter>Source Files</Filter>
    </ClCompile>
    <ClCompile Include="..\..\cagd_lib\cagd_dbg.c">
      <Filter>Source Files</Filter>
    </ClCompile>
    <ClCompile Include="..\..\cagd_lib\cagd_err.c">
      <Filter>Source Files</Filter>
    </ClCompile>
    <ClCompile Include="..\..\cagd_lib\cagd_ftl.c">
      <Filter>Source Files</Filter>
    </ClCompile>
    <ClCompile Include="..\..\cagd_lib\cagdbbox.c">
      <Filter>Source Files</Filter>
    </ClCompile>
    <ClCompile Include="..\..\cagd_lib\cagdbsum.c">
      <Filter>Source Files</Filter>
    </ClCompile>
    <ClCompile Include="..\..\cagd_lib\cagdcmpt.c">
      <Filter>Source Files</Filter>
    </ClCompile>
    <ClCompile Include="..\..\cagd_lib\cagdcmrg.c">
      <Filter>Source Files</Filter>
    </ClCompile>
    <ClCompile Include="..\..\cagd_lib\cagdcoer.c">
      <Filter>Source Files</Filter>
    </ClCompile>
    <ClCompile Include="..\..\cagd_lib\cagdcsrf.c">
      <Filter>Source Files</Filter>
    </ClCompile>
    <ClCompile Include="..\..\cagd_lib\cagdedit.c">
      <Filter>Source Files</Filter>
    </ClCompile>
    <ClCompile Include="..\..\cagd_lib\cagdextr.c">
      <Filter>Source Files</Filter>
    </ClCompile>
    <ClCompile Include="..\..\cagd_lib\cagdmesh.c">
      <Filter>Source Files</Filter>
    </ClCompile>
    <ClCompile Include="..\..\cagd_lib\cagdoslo.c">
      <Filter>Source Files</Filter>
    </ClCompile>
    <ClCompile Include="..\..\cagd_lib\cagdprim.c">
      <Filter>Source Files</Filter>
    </ClCompile>
    <ClCompile Include="..\..\cagd_lib\cagdruld.c">
      <Filter>Source Files</Filter>
    </ClCompile>
    <ClCompile Include="..\..\cagd_lib\cagdsmrg.c">
      <Filter>Source Files</Filter>
    </ClCompile>
    <ClCompile Include="..\..\cagd_lib\cagdsrev.c">
      <Filter>Source Files</Filter>
    </ClCompile>
    <ClCompile Include="..\..\cagd_lib\cagdswep.c">
      <Filter>Source Files</Filter>
    </ClCompile>
    <ClCompile Include="..\..\cagd_lib\cbsp_aux.c">
      <Filter>Source Files</Filter>
    </ClCompile>
    <ClCompile Include="..\..\cagd_lib\cbsp_fit.c">
      <Filter>Source Files</Filter>
    </ClCompile>
    <ClCompile Include="..\..\cagd_lib\cbsp_int.c">
      <Filter>Source Files</Filter>
    </ClCompile>
    <ClCompile Include="..\..\cagd_lib\cbspeval.c">
      <Filter>Source Files</Filter>
    </ClCompile>
    <ClCompile Include="..\..\cagd_lib\cbzr2tbl.c">
      <Filter>Source Files</Filter>
    </ClCompile>
    <ClCompile Include="..\..\cagd_lib\cbzr_aux.c">
      <Filter>Source Files</Filter>
    </ClCompile>
    <ClCompile Include="..\..\cagd_lib\cbzr_tbl.c">
      <Filter>Source Files</Filter>
    </ClCompile>
    <ClCompile Include="..\..\cagd_lib\cbzreval.c">
      <Filter>Source Files</Filter>
    </ClCompile>
    <ClCompile Include="..\..\cagd_lib\cpwr_aux.c">
      <Filter>Source Files</Filter>
    </ClCompile>
    <ClCompile Include="..\..\cagd_lib\crvmatch.c">
      <Filter>Source Files</Filter>
    </ClCompile>
    <ClCompile Include="..\..\cagd_lib\hermite.c">
      <Filter>Source Files</Filter>
    </ClCompile>
    <ClCompile Include="..\..\cagd_lib\mshplanr.c">
      <Filter>Source Files</Filter>
    </ClCompile>
    <ClCompile Include="..\..\cagd_lib\nrmleval.c">
      <Filter>Source Files</Filter>
    </ClCompile>
    <ClCompile Include="..\..\cagd_lib\poly_err.c">
      <Filter>Source Files</Filter>
    </ClCompile>
    <ClCompile Include="..\..\cagd_lib\sbsp_aux.c">
      <Filter>Source Files</Filter>
    </ClCompile>
    <ClCompile Include="..\..\cagd_lib\sbsp_int.c">
      <Filter>Source Files</Filter>
    </ClCompile>
    <ClCompile Include="..\..\cagd_lib\sbspeval.c">
      <Filter>Source Files</Filter>
    </ClCompile>
    <ClCompile Include="..\..\cagd_lib\sbzr_aux.c">
      <Filter>Source Files</Filter>
    </ClCompile>
    <ClCompile Include="..\..\cagd_lib\sbzreval.c">
      <Filter>Source Files</Filter>
    </ClCompile>
  </ItemGroup>
  <ItemGroup>
    <ClInclude Include="..\..\include\cagd_lib.h">
      <Filter>Header Files</Filter>
    </ClInclude>
    <ClInclude Include="..\..\cagd_lib\cagd_loc.h">
      <Filter>Header Files</Filter>
    </ClInclude>
  </ItemGroup>
  <ItemGroup>
    <None Include="..\..\cagd_lib\makefile.ami" />
    <None Include="..\..\cagd_lib\makefile.os2" />
    <None Include="..\..\cagd_lib\makefile.sas" />
    <None Include="..\..\cagd_lib\makefile.unx" />
    <None Include="..\..\cagd_lib\makefile.wce" />
    <None Include="..\..\cagd_lib\makefile.wnt" />
  </ItemGroup>
  <ItemGroup>
    <Filter Include="Header Files">
      <UniqueIdentifier>{0b29f0d2-2304-40ae-82ee-2b3d495e3f4d}</UniqueIdentifier>
    </Filter>
    <Filter Include="Source Files">
      <UniqueIdentifier>{5c7c7727-6e4a-4391-b606-f857bffb616b}</UniqueIdentifier>
    </Filter>
    <Filter Include="Reseource Files">
      <UniqueIdentifier>{ef490b3e-5098-4071-9849-c59a0af727dc}</UniqueIdentifier>
    </Filter>
  </ItemGroup>
</Project>