<?xml version="1.0" encoding="utf-8"?>
<Project ToolsVersion="4.0" xmlns="http://schemas.microsoft.com/developer/msbuild/2003">
  <ItemGroup>
    <Filter Include="Header Files">
      <UniqueIdentifier>{25a8accc-708f-40bd-8fbe-7cd65f10e4d7}</UniqueIdentifier>
    </Filter>
    <Filter Include="Source Files">
      <UniqueIdentifier>{830a2275-d357-4d0b-a9f7-fa8b6a1d7797}</UniqueIdentifier>
    </Filter>
    <Filter Include="Reseource Files">
      <UniqueIdentifier>{ec6402fb-df98-45de-9c45-7db17605777c}</UniqueIdentifier>
    </Filter>
  </ItemGroup>
  <ItemGroup>
    <ClCompile Include="..\..\filters\dat2bin.c">
      <Filter>Source Files</Filter>
    </ClCompile>
  </ItemGroup>
</Project>