<?xml version="1.0" encoding="utf-8"?>
<Project ToolsVersion="4.0" xmlns="http://schemas.microsoft.com/developer/msbuild/2003">
  <ItemGroup>
    <Filter Include="Header Files">
      <UniqueIdentifier>{72cc4efa-1fcb-48da-807b-29bcebae9588}</UniqueIdentifier>
    </Filter>
    <Filter Include="Source Files">
      <UniqueIdentifier>{7efa6f59-cbaa-477b-ad4c-5235a38734ae}</UniqueIdentifier>
    </Filter>
    <Filter Include="Reseource Files">
      <UniqueIdentifier>{f8ed0b76-fdac-484e-971e-889a837add67}</UniqueIdentifier>
    </Filter>
  </ItemGroup>
  <ItemGroup>
    <ClCompile Include="..\..\filters\irit2ps.c">
      <Filter>Source Files</Filter>
    </ClCompile>
  </ItemGroup>
</Project>