<?xml version="1.0" encoding="utf-8"?>
<Project ToolsVersion="4.0" xmlns="http://schemas.microsoft.com/developer/msbuild/2003">
  <ItemGroup>
    <Filter Include="Header Files">
      <UniqueIdentifier>{c768070f-ebbf-45b6-bd4d-b9d3d506bd47}</UniqueIdentifier>
    </Filter>
    <Filter Include="Source Files">
      <UniqueIdentifier>{37e78b6a-3fa0-4a24-a9b6-d4644855071a}</UniqueIdentifier>
    </Filter>
    <Filter Include="Reseource Files">
      <UniqueIdentifier>{7012f7ce-3181-4c9d-828b-4217a91fe64b}</UniqueIdentifier>
    </Filter>
  </ItemGroup>
  <ItemGroup>
    <ClCompile Include="..\..\filters\irit2hgl.c">
      <Filter>Source Files</Filter>
    </ClCompile>
  </ItemGroup>
</Project>