<?xml version="1.0" encoding="utf-8"?>
<Project ToolsVersion="4.0" xmlns="http://schemas.microsoft.com/developer/msbuild/2003">
  <ItemGroup>
    <Filter Include="Header Files">
      <UniqueIdentifier>{72c1c84c-a175-4b52-b0bb-7efe6c5415e7}</UniqueIdentifier>
    </Filter>
    <Filter Include="Source Files">
      <UniqueIdentifier>{773bdb91-b077-49ee-b024-267410ccec1d}</UniqueIdentifier>
    </Filter>
    <Filter Include="Reseource Files">
      <UniqueIdentifier>{f5dc7b44-9145-4489-8d97-922700146fd2}</UniqueIdentifier>
    </Filter>
  </ItemGroup>
  <ItemGroup>
    <ClCompile Include="..\..\filters\irit2ray.c">
      <Filter>Source Files</Filter>
    </ClCompile>
  </ItemGroup>
</Project>