<?xml version="1.0" encoding="utf-8"?>
<Project ToolsVersion="4.0" xmlns="http://schemas.microsoft.com/developer/msbuild/2003">
  <ItemGroup>
    <Filter Include="Header Files">
      <UniqueIdentifier>{03391a9c-c1ee-4b7e-81a8-e81e467ad0cf}</UniqueIdentifier>
    </Filter>
    <Filter Include="Source Files">
      <UniqueIdentifier>{a896189a-0a12-4c7d-bdc5-150a98abed5f}</UniqueIdentifier>
    </Filter>
    <Filter Include="Reseource Files">
      <UniqueIdentifier>{b8cb8297-5964-4827-9781-5b809f7c8a97}</UniqueIdentifier>
    </Filter>
  </ItemGroup>
  <ItemGroup>
    <ClCompile Include="..\..\filters\obj2irit.c">
      <Filter>Source Files</Filter>
    </ClCompile>
  </ItemGroup>
</Project>