<?xml version="1.0" encoding="utf-8"?>
<Project ToolsVersion="4.0" xmlns="http://schemas.microsoft.com/developer/msbuild/2003">
  <ItemGroup>
    <None Include="..\..\inpt_lib\makefile.ami" />
    <None Include="..\..\inpt_lib\makefile.os2" />
    <None Include="..\..\inpt_lib\makefile.sas" />
    <None Include="..\..\inpt_lib\makefile.unx" />
    <None Include="..\..\inpt_lib\makefile.wce" />
    <None Include="..\..\inpt_lib\makefile.wnt" />
  </ItemGroup>
  <ItemGroup>
    <Filter Include="Reseource Files">
      <UniqueIdentifier>{76825d33-faee-4515-b982-f5ae1320f653}</UniqueIdentifier>
    </Filter>
    <Filter Include="Header Files">
      <UniqueIdentifier>{7362a7fd-548b-4147-aadd-282b026b8035}</UniqueIdentifier>
    </Filter>
    <Filter Include="Source Files">
      <UniqueIdentifier>{b65740c1-b42c-4aad-a35b-1ea8ef92906a}</UniqueIdentifier>
    </Filter>
  </ItemGroup>
  <ItemGroup>
    <ClCompile Include="..\..\irit\bsc_geom.c">
      <Filter>Source Files</Filter>
    </ClCompile>
    <ClCompile Include="..\..\irit\dosintr.c">
      <Filter>Source Files</Filter>
    </ClCompile>
    <ClCompile Include="..\..\irit\freefrm1.c">
      <Filter>Source Files</Filter>
    </ClCompile>
    <ClCompile Include="..\..\irit\freefrm2.c">
      <Filter>Source Files</Filter>
    </ClCompile>
    <ClCompile Include="..\..\irit\freefrm3.c">
      <Filter>Source Files</Filter>
    </ClCompile>
    <ClCompile Include="..\..\irit\freefrm4.c">
      <Filter>Source Files</Filter>
    </ClCompile>
    <ClCompile Include="..\..\irit\freefrm5.c">
      <Filter>Source Files</Filter>
    </ClCompile>
    <ClCompile Include="..\..\irit\freefrm6.c">
      <Filter>Source Files</Filter>
    </ClCompile>
    <ClCompile Include="..\..\irit\freefrm7.c">
      <Filter>Source Files</Filter>
    </ClCompile>
    <ClCompile Include="..\..\irit\freefrm8.c">
      <Filter>Source Files</Filter>
    </ClCompile>
    <ClCompile Include="..\..\irit\inptevl0.c">
      <Filter>Source Files</Filter>
    </ClCompile>
    <ClCompile Include="..\..\irit\inptevl1.c">
      <Filter>Source Files</Filter>
    </ClCompile>
    <ClCompile Include="..\..\irit\inptevl2.c">
      <Filter>Source Files</Filter>
    </ClCompile>
    <ClCompile Include="..\..\irit\inptevl3.c">
      <Filter>Source Files</Filter>
    </ClCompile>
    <ClCompile Include="..\..\irit\inptevl4.c">
      <Filter>Source Files</Filter>
    </ClCompile>
    <ClCompile Include="..\..\irit\inptgetc.c">
      <Filter>Source Files</Filter>
    </ClCompile>
    <ClCompile Include="..\..\irit\inptprsr.c">
      <Filter>Source Files</Filter>
    </ClCompile>
    <ClCompile Include="..\..\irit\objects1.c">
      <Filter>Source Files</Filter>
    </ClCompile>
    <ClCompile Include="..\..\irit\objects2.c">
      <Filter>Source Files</Filter>
    </ClCompile>
    <ClCompile Include="..\..\irit\overload.c">
      <Filter>Source Files</Filter>
    </ClCompile>
    <ClCompile Include="..\..\irit\support.c">
      <Filter>Source Files</Filter>
    </ClCompile>
    <ClCompile Include="..\..\irit\irit1db.c">
      <Filter>Source Files</Filter>
    </ClCompile>
  </ItemGroup>
</Project>