<?xml version="1.0" encoding="utf-8"?>
<Project ToolsVersion="4.0" xmlns="http://schemas.microsoft.com/developer/msbuild/2003">
  <ItemGroup>
    <ClCompile Include="..\..\rndr_lib\nc_zbufr.c">
      <Filter>Source Files</Filter>
    </ClCompile>
    <ClCompile Include="..\..\rndr_lib\object.c">
      <Filter>Source Files</Filter>
    </ClCompile>
    <ClCompile Include="..\..\rndr_lib\polyline.c">
      <Filter>Source Files</Filter>
    </ClCompile>
    <ClCompile Include="..\..\rndr_lib\report.c">
      <Filter>Source Files</Filter>
    </ClCompile>
    <ClCompile Include="..\..\rndr_lib\rndr_lib.c">
      <Filter>Source Files</Filter>
    </ClCompile>
    <ClCompile Include="..\..\rndr_lib\scene.c">
      <Filter>Source Files</Filter>
    </ClCompile>
    <ClCompile Include="..\..\rndr_lib\stencil.c">
      <Filter>Source Files</Filter>
    </ClCompile>
    <ClCompile Include="..\..\rndr_lib\texture.c">
      <Filter>Source Files</Filter>
    </ClCompile>
    <ClCompile Include="..\..\rndr_lib\triangle.c">
      <Filter>Source Files</Filter>
    </ClCompile>
    <ClCompile Include="..\..\rndr_lib\vis_maps.c">
      <Filter>Source Files</Filter>
    </ClCompile>
    <ClCompile Include="..\..\rndr_lib\zbuffer.c">
      <Filter>Source Files</Filter>
    </ClCompile>
    <ClCompile Include="..\..\rndr_lib\zbufr_1d.c">
      <Filter>Source Files</Filter>
    </ClCompile>
    <ClCompile Include="..\..\rndr_lib\lights.c">
      <Filter>Source Files</Filter>
    </ClCompile>
    <ClCompile Include="..\..\rndr_lib\interpol.c">
      <Filter>Source Files</Filter>
    </ClCompile>
    <ClCompile Include="..\..\rndr_lib\fstalloc.c">
      <Filter>Source Files</Filter>
    </ClCompile>
    <ClCompile Include="..\..\rndr_lib\color.c">
      <Filter>Source Files</Filter>
    </ClCompile>
  </ItemGroup>
  <ItemGroup>
    <ClInclude Include="..\..\rndr_lib\color.h">
      <Filter>Header Files</Filter>
    </ClInclude>
    <ClInclude Include="..\..\rndr_lib\fstalloc.h">
      <Filter>Header Files</Filter>
    </ClInclude>
    <ClInclude Include="..\..\rndr_lib\interpol.h">
      <Filter>Header Files</Filter>
    </ClInclude>
    <ClInclude Include="..\..\rndr_lib\lights.h">
      <Filter>Header Files</Filter>
    </ClInclude>
    <ClInclude Include="..\..\rndr_lib\object.h">
      <Filter>Header Files</Filter>
    </ClInclude>
    <ClInclude Include="..\..\rndr_lib\polyline.h">
      <Filter>Header Files</Filter>
    </ClInclude>
    <ClInclude Include="..\..\include\rndr_lib.h">
      <Filter>Header Files</Filter>
    </ClInclude>
    <ClInclude Include="..\..\rndr_lib\rndr_loc.h">
      <Filter>Header Files</Filter>
    </ClInclude>
    <ClInclude Include="..\..\rndr_lib\scene.h">
      <Filter>Header Files</Filter>
    </ClInclude>
    <ClInclude Include="..\..\rndr_lib\stencil.h">
      <Filter>Header Files</Filter>
    </ClInclude>
    <ClInclude Include="..\..\rndr_lib\texture.h">
      <Filter>Header Files</Filter>
    </ClInclude>
    <ClInclude Include="..\..\rndr_lib\triangle.h">
      <Filter>Header Files</Filter>
    </ClInclude>
    <ClInclude Include="..\..\rndr_lib\zbuffer.h">
      <Filter>Header Files</Filter>
    </ClInclude>
  </ItemGroup>
  <ItemGroup>
    <None Include="..\..\rndr_lib\makefile.ami" />
    <None Include="..\..\rndr_lib\makefile.os2" />
    <None Include="..\..\rndr_lib\makefile.sas" />
    <None Include="..\..\rndr_lib\makefile.unx" />
    <None Include="..\..\rndr_lib\makefile.wce" />
    <None Include="..\..\rndr_lib\makefile.wnt" />
  </ItemGroup>
  <ItemGroup>
    <Filter Include="Header Files">
      <UniqueIdentifier>{77ae09a8-d46b-459e-a61e-70fadb338f55}</UniqueIdentifier>
    </Filter>
    <Filter Include="Resource Files">
      <UniqueIdentifier>{5340ca45-525b-4c29-9e9d-70ba0173f0e6}</UniqueIdentifier>
    </Filter>
    <Filter Include="Source Files">
      <UniqueIdentifier>{83478f4b-31a4-4b47-91b5-b6429216405b}</UniqueIdentifier>
    </Filter>
  </ItemGroup>
</Project>