<?xml version="1.0" encoding="utf-8"?>
<Project ToolsVersion="4.0" xmlns="http://schemas.microsoft.com/developer/msbuild/2003">
  <ItemGroup>
    <ClCompile Include="..\..\misc_lib\bipartte.c">
      <Filter>Source Files</Filter>
    </ClCompile>
    <ClCompile Include="..\..\misc_lib\list.c">
      <Filter>Source Files</Filter>
    </ClCompile>
    <ClCompile Include="..\..\misc_lib\config.c">
      <Filter>Source Files</Filter>
    </ClCompile>
    <ClCompile Include="..\..\misc_lib\dither.c">
      <Filter>Source Files</Filter>
    </ClCompile>
    <ClCompile Include="..\..\misc_lib\editimag.c">
      <Filter>Source Files</Filter>
    </ClCompile>
    <ClCompile Include="..\..\misc_lib\getarg.c">
      <Filter>Source Files</Filter>
    </ClCompile>
    <ClCompile Include="..\..\misc_lib\gnrl_mat.c">
      <Filter>Source Files</Filter>
    </ClCompile>
    <ClCompile Include="..\..\misc_lib\hash2tbl.c">
      <Filter>Source Files</Filter>
    </ClCompile>
    <ClCompile Include="..\..\misc_lib\hash_tbl.c">
      <Filter>Source Files</Filter>
    </ClCompile>
    <ClCompile Include="..\..\misc_lib\hmgn_mat.c">
      <Filter>Source Files</Filter>
    </ClCompile>
    <ClCompile Include="..\..\misc_lib\imalloc.c">
      <Filter>Source Files</Filter>
    </ClCompile>
    <ClCompile Include="..\..\misc_lib\imgstcvr.c">
      <Filter>Source Files</Filter>
    </ClCompile>
    <ClCompile Include="..\..\misc_lib\irit2ftl.c">
      <Filter>Source Files</Filter>
    </ClCompile>
    <ClCompile Include="..\..\misc_lib\irit2inf.c">
      <Filter>Source Files</Filter>
    </ClCompile>
    <ClCompile Include="..\..\misc_lib\irit2wrn.c">
      <Filter>Source Files</Filter>
    </ClCompile>
    <ClCompile Include="..\..\misc_lib\irit_ftl.c">
      <Filter>Source Files</Filter>
    </ClCompile>
    <ClCompile Include="..\..\misc_lib\irit_inf.c">
      <Filter>Source Files</Filter>
    </ClCompile>
    <ClCompile Include="..\..\misc_lib\irit_wrn.c">
      <Filter>Source Files</Filter>
    </ClCompile>
    <ClCompile Include="..\..\misc_lib\levenmar.c">
      <Filter>Source Files</Filter>
    </ClCompile>
    <ClCompile Include="..\..\misc_lib\mincover.c">
      <Filter>Source Files</Filter>
    </ClCompile>
    <ClCompile Include="..\..\misc_lib\xgeneral.c">
      <Filter>Source Files</Filter>
    </ClCompile>
    <ClCompile Include="..\..\misc_lib\misc_err.c">
      <Filter>Source Files</Filter>
    </ClCompile>
    <ClCompile Include="..\..\misc_lib\misc_ftl.c">
      <Filter>Source Files</Filter>
    </ClCompile>
    <ClCompile Include="..\..\misc_lib\miscatt1.c">
      <Filter>Source Files</Filter>
    </ClCompile>
    <ClCompile Include="..\..\misc_lib\miscatt2.c">
      <Filter>Source Files</Filter>
    </ClCompile>
    <ClCompile Include="..\..\misc_lib\miscatt3.c">
      <Filter>Source Files</Filter>
    </ClCompile>
    <ClCompile Include="..\..\misc_lib\miscattr.c">
      <Filter>Source Files</Filter>
    </ClCompile>
    <ClCompile Include="..\..\misc_lib\priorque.c">
      <Filter>Source Files</Filter>
    </ClCompile>
    <ClCompile Include="..\..\misc_lib\qrfactor.c">
      <Filter>Source Files</Filter>
    </ClCompile>
    <ClCompile Include="..\..\misc_lib\readimag.c">
      <Filter>Source Files</Filter>
    </ClCompile>
    <ClCompile Include="..\..\misc_lib\readmovi.c">
      <Filter>Source Files</Filter>
    </ClCompile>
    <ClCompile Include="..\..\misc_lib\search.c">
      <Filter>Source Files</Filter>
    </ClCompile>
    <ClCompile Include="..\..\misc_lib\writimag.c">
      <Filter>Source Files</Filter>
    </ClCompile>
  </ItemGroup>
  <ItemGroup>
    <ClInclude Include="..\..\include\misc_lib.h">
      <Filter>Header Files</Filter>
    </ClInclude>
    <ClInclude Include="..\..\include\miscattr.h">
      <Filter>Header Files</Filter>
    </ClInclude>
  </ItemGroup>
  <ItemGroup>
    <None Include="..\..\misc_lib\makefile.ami" />
    <None Include="..\..\misc_lib\makefile.os2" />
    <None Include="..\..\misc_lib\makefile.sas" />
    <None Include="..\..\misc_lib\makefile.unx" />
    <None Include="..\..\misc_lib\makefile.wce" />
    <None Include="..\..\misc_lib\makefile.wnt" />
  </ItemGroup>
  <ItemGroup>
    <Filter Include="Header Files">
      <UniqueIdentifier>{69a8e12a-bd63-4c01-8d1e-e82e6f343abf}</UniqueIdentifier>
    </Filter>
    <Filter Include="Resource Files">
      <UniqueIdentifier>{b04459ed-bc0f-42fb-a485-c77c0ce234c4}</UniqueIdentifier>
    </Filter>
    <Filter Include="Source Files">
      <UniqueIdentifier>{08dc9e2a-f07e-467d-9705-d56360d14892}</UniqueIdentifier>
    </Filter>
  </ItemGroup>
</Project>