<?xml version="1.0" encoding="utf-8"?>
<Project ToolsVersion="4.0" xmlns="http://schemas.microsoft.com/developer/msbuild/2003">
  <ItemGroup>
    <ClCompile Include="..\..\aisoshad\aisoshad.c">
      <Filter>Source Files</Filter>
    </ClCompile>
    <ClCompile Include="..\..\aisoshad\zbufcrvs.c">
      <Filter>Source Files</Filter>
    </ClCompile>
  </ItemGroup>
  <ItemGroup>
    <Filter Include="Header Files">
      <UniqueIdentifier>{6f88e4d5-1570-4140-abce-7e03f3934f9a}</UniqueIdentifier>
    </Filter>
    <Filter Include="Source Files">
      <UniqueIdentifier>{b15e9dc7-17c6-4d17-9f80-13aacd6b334f}</UniqueIdentifier>
    </Filter>
    <Filter Include="Reseource Files">
      <UniqueIdentifier>{fc9b766a-6ceb-465c-921d-e26cf17e71a3}</UniqueIdentifier>
    </Filter>
  </ItemGroup>
  <ItemGroup>
    <ClInclude Include="..\..\aisoshad\program.h">
      <Filter>Header Files</Filter>
    </ClInclude>
  </ItemGroup>
</Project>